
Microsoft Visual Studio Solution File, Format Version 12.00
# Visual Studio Version 17
VisualStudioVersion = 17.4.33213.308
MinimumVisualStudioVersion = 10.0.40219.1
Project("{8BC9CEB8-8B4A-11D0-8D11-00A0C91BC942}") = "01_intro", "01_intro\01_intro.vcxproj", "{85B7DFB9-B3B2-4988-BABB-3803F357041F}"
EndProject
Project("{8BC9CEB8-8B4A-11D0-8D11-00A0C91BC942}") = "01_helper_home_fraction", "01_helper_home_fraction\01_helper_home_fraction.vcxproj", "{1B4022F7-24C5-411D-84B9-4C60A1F4D406}"
EndProject
Project("{8BC9CEB8-8B4A-11D0-8D11-00A0C91BC942}") = "02_ctor and dtor", "02_ctor and dtor\02_ctor and dtor.vcxproj", "{E7489D55-811B-44B3-8035-81C169957BEE}"
EndProject
Project("{8BC9CEB8-8B4A-11D0-8D11-00A0C91BC942}") = "05_overload_continue", "03_overload_continue\03_overload_continue.vcxproj", "{8015C564-4DFF-497C-9618-FA04A6FC45BD}"
EndProject
Project("{8BC9CEB8-8B4A-11D0-8D11-00A0C91BC942}") = "06_aggregation", "06_aggregation\06_aggregation.vcxproj", "{ABE4507F-97C2-424B-B597-88BFD322C357}"
EndProject
Project("{8BC9CEB8-8B4A-11D0-8D11-00A0C91BC942}") = "07_composition", "07_composition\07_composition.vcxproj", "{38C899A1-199A-495B-8A7E-BC4ADC396591}"
EndProject
Project("{8BC9CEB8-8B4A-11D0-8D11-00A0C91BC942}") = "08_friends function and class", "08_friends function and class\08_friends function and class.vcxproj", "{1F0C12F4-9726-4430-884D-201363D509A3}"
EndProject
Project("{8BC9CEB8-8B4A-11D0-8D11-00A0C91BC942}") = "09_overload stream", "09_overload stream\09_overload stream.vcxproj", "{0D800AFA-18D3-4F6A-B815-F456D8B73056}"
EndProject
Project("{8BC9CEB8-8B4A-11D0-8D11-00A0C91BC942}") = "10_template", "10_template\10_template.vcxproj", "{8590F182-67BF-438D-BB3A-B18E029A9759}"
EndProject
Project("{8BC9CEB8-8B4A-11D0-8D11-00A0C91BC942}") = "10_helper home template", "10_helper home template\10_helper home template.vcxproj", "{09CA55C8-4A09-4246-82EB-E84010B65333}"
EndProject
Project("{8BC9CEB8-8B4A-11D0-8D11-00A0C91BC942}") = "11_pai_tuple_init_list", "11_pai_tuple_init_list\11_pai_tuple_init_list.vcxproj", "{7EAFB327-FF1E-45AE-96A9-E6334F91DC83}"
EndProject
Project("{8BC9CEB8-8B4A-11D0-8D11-00A0C91BC942}") = "12_my_stack", "12_my_stack\12_my_stack.vcxproj", "{6D5B1B68-4E0E-4D4C-B132-F28134E875EF}"
EndProject
Project("{8BC9CEB8-8B4A-11D0-8D11-00A0C91BC942}") = "12_helper home", "12_helper home\12_helper home.vcxproj", "{A7A980CF-464D-4D55-B682-3285D66D2170}"
EndProject
Project("{8BC9CEB8-8B4A-11D0-8D11-00A0C91BC942}") = "13_Singly_linked list", "13_Singly_linked list\13_Singly_linked list.vcxproj", "{3CA723C2-33B1-4811-B5C3-0E6AD58B3363}"
EndProject
Project("{8BC9CEB8-8B4A-11D0-8D11-00A0C91BC942}") = "14_double linked list", "14_double linked list\14_double linked list.vcxproj", "{6DF8C257-9748-4956-AE78-899917537F6D}"
EndProject
Project("{8BC9CEB8-8B4A-11D0-8D11-00A0C91BC942}") = "15_inheritance", "15_inheritance\15_inheritance.vcxproj", "{267CF334-C542-4700-BFDA-930052FFEB49}"
EndProject
Project("{8BC9CEB8-8B4A-11D0-8D11-00A0C91BC942}") = "17_multi inheritance", "17_multi inheritance\17_multi inheritance.vcxproj", "{404C2D1A-8EDF-40E6-AF0D-F44EE66E00D9}"
EndProject
Project("{8BC9CEB8-8B4A-11D0-8D11-00A0C91BC942}") = "18_Diamond Problem", "18_Diamond Problem\18_Diamond Problem.vcxproj", "{AF1F25D2-FDCC-45DA-9852-356ED6D3DFD3}"
EndProject
Project("{8BC9CEB8-8B4A-11D0-8D11-00A0C91BC942}") = "19_virtual method", "19_virtual method\19_virtual method.vcxproj", "{0C3FD839-5B2D-4B1D-8554-36A63FBEC76E}"
EndProject
Project("{8BC9CEB8-8B4A-11D0-8D11-00A0C91BC942}") = "20_abstract class", "20_abstract class\20_abstract class.vcxproj", "{ECC60ABB-1680-4267-8284-6BBDA1FC1C6B}"
EndProject
Project("{8BC9CEB8-8B4A-11D0-8D11-00A0C91BC942}") = "21_vector", "21_vector\21_vector.vcxproj", "{C23792FC-0F63-48ED-B4CC-97EDE69A1E42}"
EndProject
Project("{8BC9CEB8-8B4A-11D0-8D11-00A0C91BC942}") = "22_casting", "22_casting\22_casting.vcxproj", "{0FC7F3BF-4959-4E62-A1A1-9B28F206E8BA}"
EndProject
Project("{8BC9CEB8-8B4A-11D0-8D11-00A0C91BC942}") = "22_casting_helper home", "22_casting_helper home\22_casting_helper home.vcxproj", "{5F846690-8E93-4DE5-8F86-C0597F8425F1}"
EndProject
Project("{8BC9CEB8-8B4A-11D0-8D11-00A0C91BC942}") = "23_interfaces", "23_interfaces\23_interfaces.vcxproj", "{D8F3F298-9693-410A-8708-D3885CEA09E7}"
EndProject
Global
	GlobalSection(SolutionConfigurationPlatforms) = preSolution
		Debug|x64 = Debug|x64
		Debug|x86 = Debug|x86
		Release|x64 = Release|x64
		Release|x86 = Release|x86
	EndGlobalSection
	GlobalSection(ProjectConfigurationPlatforms) = postSolution
		{85B7DFB9-B3B2-4988-BABB-3803F357041F}.Debug|x64.ActiveCfg = Debug|x64
		{85B7DFB9-B3B2-4988-BABB-3803F357041F}.Debug|x64.Build.0 = Debug|x64
		{85B7DFB9-B3B2-4988-BABB-3803F357041F}.Debug|x86.ActiveCfg = Debug|Win32
		{85B7DFB9-B3B2-4988-BABB-3803F357041F}.Debug|x86.Build.0 = Debug|Win32
		{85B7DFB9-B3B2-4988-BABB-3803F357041F}.Release|x64.ActiveCfg = Release|x64
		{85B7DFB9-B3B2-4988-BABB-3803F357041F}.Release|x64.Build.0 = Release|x64
		{85B7DFB9-B3B2-4988-BABB-3803F357041F}.Release|x86.ActiveCfg = Release|Win32
		{85B7DFB9-B3B2-4988-BABB-3803F357041F}.Release|x86.Build.0 = Release|Win32
		{1B4022F7-24C5-411D-84B9-4C60A1F4D406}.Debug|x64.ActiveCfg = Debug|x64
		{1B4022F7-24C5-411D-84B9-4C60A1F4D406}.Debug|x64.Build.0 = Debug|x64
		{1B4022F7-24C5-411D-84B9-4C60A1F4D406}.Debug|x86.ActiveCfg = Debug|Win32
		{1B4022F7-24C5-411D-84B9-4C60A1F4D406}.Debug|x86.Build.0 = Debug|Win32
		{1B4022F7-24C5-411D-84B9-4C60A1F4D406}.Release|x64.ActiveCfg = Release|x64
		{1B4022F7-24C5-411D-84B9-4C60A1F4D406}.Release|x64.Build.0 = Release|x64
		{1B4022F7-24C5-411D-84B9-4C60A1F4D406}.Release|x86.ActiveCfg = Release|Win32
		{1B4022F7-24C5-411D-84B9-4C60A1F4D406}.Release|x86.Build.0 = Release|Win32
		{E7489D55-811B-44B3-8035-81C169957BEE}.Debug|x64.ActiveCfg = Debug|x64
		{E7489D55-811B-44B3-8035-81C169957BEE}.Debug|x64.Build.0 = Debug|x64
		{E7489D55-811B-44B3-8035-81C169957BEE}.Debug|x86.ActiveCfg = Debug|Win32
		{E7489D55-811B-44B3-8035-81C169957BEE}.Debug|x86.Build.0 = Debug|Win32
		{E7489D55-811B-44B3-8035-81C169957BEE}.Release|x64.ActiveCfg = Release|x64
		{E7489D55-811B-44B3-8035-81C169957BEE}.Release|x64.Build.0 = Release|x64
		{E7489D55-811B-44B3-8035-81C169957BEE}.Release|x86.ActiveCfg = Release|Win32
		{E7489D55-811B-44B3-8035-81C169957BEE}.Release|x86.Build.0 = Release|Win32
		{8015C564-4DFF-497C-9618-FA04A6FC45BD}.Debug|x64.ActiveCfg = Debug|x64
		{8015C564-4DFF-497C-9618-FA04A6FC45BD}.Debug|x64.Build.0 = Debug|x64
		{8015C564-4DFF-497C-9618-FA04A6FC45BD}.Debug|x86.ActiveCfg = Debug|Win32
		{8015C564-4DFF-497C-9618-FA04A6FC45BD}.Debug|x86.Build.0 = Debug|Win32
		{8015C564-4DFF-497C-9618-FA04A6FC45BD}.Release|x64.ActiveCfg = Release|x64
		{8015C564-4DFF-497C-9618-FA04A6FC45BD}.Release|x64.Build.0 = Release|x64
		{8015C564-4DFF-497C-9618-FA04A6FC45BD}.Release|x86.ActiveCfg = Release|Win32
		{8015C564-4DFF-497C-9618-FA04A6FC45BD}.Release|x86.Build.0 = Release|Win32
		{ABE4507F-97C2-424B-B597-88BFD322C357}.Debug|x64.ActiveCfg = Debug|x64
		{ABE4507F-97C2-424B-B597-88BFD322C357}.Debug|x64.Build.0 = Debug|x64
		{ABE4507F-97C2-424B-B597-88BFD322C357}.Debug|x86.ActiveCfg = Debug|Win32
		{ABE4507F-97C2-424B-B597-88BFD322C357}.Debug|x86.Build.0 = Debug|Win32
		{ABE4507F-97C2-424B-B597-88BFD322C357}.Release|x64.ActiveCfg = Release|x64
		{ABE4507F-97C2-424B-B597-88BFD322C357}.Release|x64.Build.0 = Release|x64
		{ABE4507F-97C2-424B-B597-88BFD322C357}.Release|x86.ActiveCfg = Release|Win32
		{ABE4507F-97C2-424B-B597-88BFD322C357}.Release|x86.Build.0 = Release|Win32
		{38C899A1-199A-495B-8A7E-BC4ADC396591}.Debug|x64.ActiveCfg = Debug|x64
		{38C899A1-199A-495B-8A7E-BC4ADC396591}.Debug|x64.Build.0 = Debug|x64
		{38C899A1-199A-495B-8A7E-BC4ADC396591}.Debug|x86.ActiveCfg = Debug|Win32
		{38C899A1-199A-495B-8A7E-BC4ADC396591}.Debug|x86.Build.0 = Debug|Win32
		{38C899A1-199A-495B-8A7E-BC4ADC396591}.Release|x64.ActiveCfg = Release|x64
		{38C899A1-199A-495B-8A7E-BC4ADC396591}.Release|x64.Build.0 = Release|x64
		{38C899A1-199A-495B-8A7E-BC4ADC396591}.Release|x86.ActiveCfg = Release|Win32
		{38C899A1-199A-495B-8A7E-BC4ADC396591}.Release|x86.Build.0 = Release|Win32
		{1F0C12F4-9726-4430-884D-201363D509A3}.Debug|x64.ActiveCfg = Debug|x64
		{1F0C12F4-9726-4430-884D-201363D509A3}.Debug|x64.Build.0 = Debug|x64
		{1F0C12F4-9726-4430-884D-201363D509A3}.Debug|x86.ActiveCfg = Debug|Win32
		{1F0C12F4-9726-4430-884D-201363D509A3}.Debug|x86.Build.0 = Debug|Win32
		{1F0C12F4-9726-4430-884D-201363D509A3}.Release|x64.ActiveCfg = Release|x64
		{1F0C12F4-9726-4430-884D-201363D509A3}.Release|x64.Build.0 = Release|x64
		{1F0C12F4-9726-4430-884D-201363D509A3}.Release|x86.ActiveCfg = Release|Win32
		{1F0C12F4-9726-4430-884D-201363D509A3}.Release|x86.Build.0 = Release|Win32
		{0D800AFA-18D3-4F6A-B815-F456D8B73056}.Debug|x64.ActiveCfg = Debug|x64
		{0D800AFA-18D3-4F6A-B815-F456D8B73056}.Debug|x64.Build.0 = Debug|x64
		{0D800AFA-18D3-4F6A-B815-F456D8B73056}.Debug|x86.ActiveCfg = Debug|Win32
		{0D800AFA-18D3-4F6A-B815-F456D8B73056}.Debug|x86.Build.0 = Debug|Win32
		{0D800AFA-18D3-4F6A-B815-F456D8B73056}.Release|x64.ActiveCfg = Release|x64
		{0D800AFA-18D3-4F6A-B815-F456D8B73056}.Release|x64.Build.0 = Release|x64
		{0D800AFA-18D3-4F6A-B815-F456D8B73056}.Release|x86.ActiveCfg = Release|Win32
		{0D800AFA-18D3-4F6A-B815-F456D8B73056}.Release|x86.Build.0 = Release|Win32
		{8590F182-67BF-438D-BB3A-B18E029A9759}.Debug|x64.ActiveCfg = Debug|x64
		{8590F182-67BF-438D-BB3A-B18E029A9759}.Debug|x64.Build.0 = Debug|x64
		{8590F182-67BF-438D-BB3A-B18E029A9759}.Debug|x86.ActiveCfg = Debug|Win32
		{8590F182-67BF-438D-BB3A-B18E029A9759}.Debug|x86.Build.0 = Debug|Win32
		{8590F182-67BF-438D-BB3A-B18E029A9759}.Release|x64.ActiveCfg = Release|x64
		{8590F182-67BF-438D-BB3A-B18E029A9759}.Release|x64.Build.0 = Release|x64
		{8590F182-67BF-438D-BB3A-B18E029A9759}.Release|x86.ActiveCfg = Release|Win32
		{8590F182-67BF-438D-BB3A-B18E029A9759}.Release|x86.Build.0 = Release|Win32
		{09CA55C8-4A09-4246-82EB-E84010B65333}.Debug|x64.ActiveCfg = Debug|x64
		{09CA55C8-4A09-4246-82EB-E84010B65333}.Debug|x64.Build.0 = Debug|x64
		{09CA55C8-4A09-4246-82EB-E84010B65333}.Debug|x86.ActiveCfg = Debug|Win32
		{09CA55C8-4A09-4246-82EB-E84010B65333}.Debug|x86.Build.0 = Debug|Win32
		{09CA55C8-4A09-4246-82EB-E84010B65333}.Release|x64.ActiveCfg = Release|x64
		{09CA55C8-4A09-4246-82EB-E84010B65333}.Release|x64.Build.0 = Release|x64
		{09CA55C8-4A09-4246-82EB-E84010B65333}.Release|x86.ActiveCfg = Release|Win32
		{09CA55C8-4A09-4246-82EB-E84010B65333}.Release|x86.Build.0 = Release|Win32
		{7EAFB327-FF1E-45AE-96A9-E6334F91DC83}.Debug|x64.ActiveCfg = Debug|x64
		{7EAFB327-FF1E-45AE-96A9-E6334F91DC83}.Debug|x64.Build.0 = Debug|x64
		{7EAFB327-FF1E-45AE-96A9-E6334F91DC83}.Debug|x86.ActiveCfg = Debug|Win32
		{7EAFB327-FF1E-45AE-96A9-E6334F91DC83}.Debug|x86.Build.0 = Debug|Win32
		{7EAFB327-FF1E-45AE-96A9-E6334F91DC83}.Release|x64.ActiveCfg = Release|x64
		{7EAFB327-FF1E-45AE-96A9-E6334F91DC83}.Release|x64.Build.0 = Release|x64
		{7EAFB327-FF1E-45AE-96A9-E6334F91DC83}.Release|x86.ActiveCfg = Release|Win32
		{7EAFB327-FF1E-45AE-96A9-E6334F91DC83}.Release|x86.Build.0 = Release|Win32
		{6D5B1B68-4E0E-4D4C-B132-F28134E875EF}.Debug|x64.ActiveCfg = Debug|x64
		{6D5B1B68-4E0E-4D4C-B132-F28134E875EF}.Debug|x64.Build.0 = Debug|x64
		{6D5B1B68-4E0E-4D4C-B132-F28134E875EF}.Debug|x86.ActiveCfg = Debug|Win32
		{6D5B1B68-4E0E-4D4C-B132-F28134E875EF}.Debug|x86.Build.0 = Debug|Win32
		{6D5B1B68-4E0E-4D4C-B132-F28134E875EF}.Release|x64.ActiveCfg = Release|x64
		{6D5B1B68-4E0E-4D4C-B132-F28134E875EF}.Release|x64.Build.0 = Release|x64
		{6D5B1B68-4E0E-4D4C-B132-F28134E875EF}.Release|x86.ActiveCfg = Release|Win32
		{6D5B1B68-4E0E-4D4C-B132-F28134E875EF}.Release|x86.Build.0 = Release|Win32
		{A7A980CF-464D-4D55-B682-3285D66D2170}.Debug|x64.ActiveCfg = Debug|x64
		{A7A980CF-464D-4D55-B682-3285D66D2170}.Debug|x64.Build.0 = Debug|x64
		{A7A980CF-464D-4D55-B682-3285D66D2170}.Debug|x86.ActiveCfg = Debug|Win32
		{A7A980CF-464D-4D55-B682-3285D66D2170}.Debug|x86.Build.0 = Debug|Win32
		{A7A980CF-464D-4D55-B682-3285D66D2170}.Release|x64.ActiveCfg = Release|x64
		{A7A980CF-464D-4D55-B682-3285D66D2170}.Release|x64.Build.0 = Release|x64
		{A7A980CF-464D-4D55-B682-3285D66D2170}.Release|x86.ActiveCfg = Release|Win32
		{A7A980CF-464D-4D55-B682-3285D66D2170}.Release|x86.Build.0 = Release|Win32
		{3CA723C2-33B1-4811-B5C3-0E6AD58B3363}.Debug|x64.ActiveCfg = Debug|x64
		{3CA723C2-33B1-4811-B5C3-0E6AD58B3363}.Debug|x64.Build.0 = Debug|x64
		{3CA723C2-33B1-4811-B5C3-0E6AD58B3363}.Debug|x86.ActiveCfg = Debug|Win32
		{3CA723C2-33B1-4811-B5C3-0E6AD58B3363}.Debug|x86.Build.0 = Debug|Win32
		{3CA723C2-33B1-4811-B5C3-0E6AD58B3363}.Release|x64.ActiveCfg = Release|x64
		{3CA723C2-33B1-4811-B5C3-0E6AD58B3363}.Release|x64.Build.0 = Release|x64
		{3CA723C2-33B1-4811-B5C3-0E6AD58B3363}.Release|x86.ActiveCfg = Release|Win32
		{3CA723C2-33B1-4811-B5C3-0E6AD58B3363}.Release|x86.Build.0 = Release|Win32
		{6DF8C257-9748-4956-AE78-899917537F6D}.Debug|x64.ActiveCfg = Debug|x64
		{6DF8C257-9748-4956-AE78-899917537F6D}.Debug|x64.Build.0 = Debug|x64
		{6DF8C257-9748-4956-AE78-899917537F6D}.Debug|x86.ActiveCfg = Debug|Win32
		{6DF8C257-9748-4956-AE78-899917537F6D}.Debug|x86.Build.0 = Debug|Win32
		{6DF8C257-9748-4956-AE78-899917537F6D}.Release|x64.ActiveCfg = Release|x64
		{6DF8C257-9748-4956-AE78-899917537F6D}.Release|x64.Build.0 = Release|x64
		{6DF8C257-9748-4956-AE78-899917537F6D}.Release|x86.ActiveCfg = Release|Win32
		{6DF8C257-9748-4956-AE78-899917537F6D}.Release|x86.Build.0 = Release|Win32
		{267CF334-C542-4700-BFDA-930052FFEB49}.Debug|x64.ActiveCfg = Debug|x64
		{267CF334-C542-4700-BFDA-930052FFEB49}.Debug|x64.Build.0 = Debug|x64
		{267CF334-C542-4700-BFDA-930052FFEB49}.Debug|x86.ActiveCfg = Debug|Win32
		{267CF334-C542-4700-BFDA-930052FFEB49}.Debug|x86.Build.0 = Debug|Win32
		{267CF334-C542-4700-BFDA-930052FFEB49}.Release|x64.ActiveCfg = Release|x64
		{267CF334-C542-4700-BFDA-930052FFEB49}.Release|x64.Build.0 = Release|x64
		{267CF334-C542-4700-BFDA-930052FFEB49}.Release|x86.ActiveCfg = Release|Win32
		{267CF334-C542-4700-BFDA-930052FFEB49}.Release|x86.Build.0 = Release|Win32
		{404C2D1A-8EDF-40E6-AF0D-F44EE66E00D9}.Debug|x64.ActiveCfg = Debug|x64
		{404C2D1A-8EDF-40E6-AF0D-F44EE66E00D9}.Debug|x64.Build.0 = Debug|x64
		{404C2D1A-8EDF-40E6-AF0D-F44EE66E00D9}.Debug|x86.ActiveCfg = Debug|Win32
		{404C2D1A-8EDF-40E6-AF0D-F44EE66E00D9}.Debug|x86.Build.0 = Debug|Win32
		{404C2D1A-8EDF-40E6-AF0D-F44EE66E00D9}.Release|x64.ActiveCfg = Release|x64
		{404C2D1A-8EDF-40E6-AF0D-F44EE66E00D9}.Release|x64.Build.0 = Release|x64
		{404C2D1A-8EDF-40E6-AF0D-F44EE66E00D9}.Release|x86.ActiveCfg = Release|Win32
		{404C2D1A-8EDF-40E6-AF0D-F44EE66E00D9}.Release|x86.Build.0 = Release|Win32
		{AF1F25D2-FDCC-45DA-9852-356ED6D3DFD3}.Debug|x64.ActiveCfg = Debug|x64
		{AF1F25D2-FDCC-45DA-9852-356ED6D3DFD3}.Debug|x64.Build.0 = Debug|x64
		{AF1F25D2-FDCC-45DA-9852-356ED6D3DFD3}.Debug|x86.ActiveCfg = Debug|Win32
		{AF1F25D2-FDCC-45DA-9852-356ED6D3DFD3}.Debug|x86.Build.0 = Debug|Win32
		{AF1F25D2-FDCC-45DA-9852-356ED6D3DFD3}.Release|x64.ActiveCfg = Release|x64
		{AF1F25D2-FDCC-45DA-9852-356ED6D3DFD3}.Release|x64.Build.0 = Release|x64
		{AF1F25D2-FDCC-45DA-9852-356ED6D3DFD3}.Release|x86.ActiveCfg = Release|Win32
		{AF1F25D2-FDCC-45DA-9852-356ED6D3DFD3}.Release|x86.Build.0 = Release|Win32
		{0C3FD839-5B2D-4B1D-8554-36A63FBEC76E}.Debug|x64.ActiveCfg = Debug|x64
		{0C3FD839-5B2D-4B1D-8554-36A63FBEC76E}.Debug|x64.Build.0 = Debug|x64
		{0C3FD839-5B2D-4B1D-8554-36A63FBEC76E}.Debug|x86.ActiveCfg = Debug|Win32
		{0C3FD839-5B2D-4B1D-8554-36A63FBEC76E}.Debug|x86.Build.0 = Debug|Win32
		{0C3FD839-5B2D-4B1D-8554-36A63FBEC76E}.Release|x64.ActiveCfg = Release|x64
		{0C3FD839-5B2D-4B1D-8554-36A63FBEC76E}.Release|x64.Build.0 = Release|x64
		{0C3FD839-5B2D-4B1D-8554-36A63FBEC76E}.Release|x86.ActiveCfg = Release|Win32
		{0C3FD839-5B2D-4B1D-8554-36A63FBEC76E}.Release|x86.Build.0 = Release|Win32
		{ECC60ABB-1680-4267-8284-6BBDA1FC1C6B}.Debug|x64.ActiveCfg = Debug|x64
		{ECC60ABB-1680-4267-8284-6BBDA1FC1C6B}.Debug|x64.Build.0 = Debug|x64
		{ECC60ABB-1680-4267-8284-6BBDA1FC1C6B}.Debug|x86.ActiveCfg = Debug|Win32
		{ECC60ABB-1680-4267-8284-6BBDA1FC1C6B}.Debug|x86.Build.0 = Debug|Win32
		{ECC60ABB-1680-4267-8284-6BBDA1FC1C6B}.Release|x64.ActiveCfg = Release|x64
		{ECC60ABB-1680-4267-8284-6BBDA1FC1C6B}.Release|x64.Build.0 = Release|x64
		{ECC60ABB-1680-4267-8284-6BBDA1FC1C6B}.Release|x86.ActiveCfg = Release|Win32
		{ECC60ABB-1680-4267-8284-6BBDA1FC1C6B}.Release|x86.Build.0 = Release|Win32
		{C23792FC-0F63-48ED-B4CC-97EDE69A1E42}.Debug|x64.ActiveCfg = Debug|x64
		{C23792FC-0F63-48ED-B4CC-97EDE69A1E42}.Debug|x64.Build.0 = Debug|x64
		{C23792FC-0F63-48ED-B4CC-97EDE69A1E42}.Debug|x86.ActiveCfg = Debug|Win32
		{C23792FC-0F63-48ED-B4CC-97EDE69A1E42}.Debug|x86.Build.0 = Debug|Win32
		{C23792FC-0F63-48ED-B4CC-97EDE69A1E42}.Release|x64.ActiveCfg = Release|x64
		{C23792FC-0F63-48ED-B4CC-97EDE69A1E42}.Release|x64.Build.0 = Release|x64
		{C23792FC-0F63-48ED-B4CC-97EDE69A1E42}.Release|x86.ActiveCfg = Release|Win32
		{C23792FC-0F63-48ED-B4CC-97EDE69A1E42}.Release|x86.Build.0 = Release|Win32
		{0FC7F3BF-4959-4E62-A1A1-9B28F206E8BA}.Debug|x64.ActiveCfg = Debug|x64
		{0FC7F3BF-4959-4E62-A1A1-9B28F206E8BA}.Debug|x64.Build.0 = Debug|x64
		{0FC7F3BF-4959-4E62-A1A1-9B28F206E8BA}.Debug|x86.ActiveCfg = Debug|Win32
		{0FC7F3BF-4959-4E62-A1A1-9B28F206E8BA}.Debug|x86.Build.0 = Debug|Win32
		{0FC7F3BF-4959-4E62-A1A1-9B28F206E8BA}.Release|x64.ActiveCfg = Release|x64
		{0FC7F3BF-4959-4E62-A1A1-9B28F206E8BA}.Release|x64.Build.0 = Release|x64
		{0FC7F3BF-4959-4E62-A1A1-9B28F206E8BA}.Release|x86.ActiveCfg = Release|Win32
		{0FC7F3BF-4959-4E62-A1A1-9B28F206E8BA}.Release|x86.Build.0 = Release|Win32
		{5F846690-8E93-4DE5-8F86-C0597F8425F1}.Debug|x64.ActiveCfg = Debug|x64
		{5F846690-8E93-4DE5-8F86-C0597F8425F1}.Debug|x64.Build.0 = Debug|x64
		{5F846690-8E93-4DE5-8F86-C0597F8425F1}.Debug|x86.ActiveCfg = Debug|Win32
		{5F846690-8E93-4DE5-8F86-C0597F8425F1}.Debug|x86.Build.0 = Debug|Win32
		{5F846690-8E93-4DE5-8F86-C0597F8425F1}.Release|x64.ActiveCfg = Release|x64
		{5F846690-8E93-4DE5-8F86-C0597F8425F1}.Release|x64.Build.0 = Release|x64
		{5F846690-8E93-4DE5-8F86-C0597F8425F1}.Release|x86.ActiveCfg = Release|Win32
		{5F846690-8E93-4DE5-8F86-C0597F8425F1}.Release|x86.Build.0 = Release|Win32
		{D8F3F298-9693-410A-8708-D3885CEA09E7}.Debug|x64.ActiveCfg = Debug|x64
		{D8F3F298-9693-410A-8708-D3885CEA09E7}.Debug|x64.Build.0 = Debug|x64
		{D8F3F298-9693-410A-8708-D3885CEA09E7}.Debug|x86.ActiveCfg = Debug|Win32
		{D8F3F298-9693-410A-8708-D3885CEA09E7}.Debug|x86.Build.0 = Debug|Win32
		{D8F3F298-9693-410A-8708-D3885CEA09E7}.Release|x64.ActiveCfg = Release|x64
		{D8F3F298-9693-410A-8708-D3885CEA09E7}.Release|x64.Build.0 = Release|x64
		{D8F3F298-9693-410A-8708-D3885CEA09E7}.Release|x86.ActiveCfg = Release|Win32
		{D8F3F298-9693-410A-8708-D3885CEA09E7}.Release|x86.Build.0 = Release|Win32
	EndGlobalSection
	GlobalSection(SolutionProperties) = preSolution
		HideSolutionNode = FALSE
	EndGlobalSection
	GlobalSection(ExtensibilityGlobals) = postSolution
		SolutionGuid = {38010CCD-4EE5-4E58-84AA-92952FEFA27B}
	EndGlobalSection
EndGlobal
